// !$*UTF8*$!
{
	archiveVersion = 1;
	classes = {
	};
	objectVersion = 50;
	objects = {

/* Begin PBXBuildFile section */
		9F608802230ED3D4000268C2 /* TeamsTableViewController.swift in Sources */ = {isa = PBXBuildFile; fileRef = 9F608801230ED3D4000268C2 /* TeamsTableViewController.swift */; };
		9F608804230EDEA8000268C2 /* TeamCell.swift in Sources */ = {isa = PBXBuildFile; fileRef = 9F608803230EDEA8000268C2 /* TeamCell.swift */; };
		9FDBD07523107644008D44C8 /* Teams.storyboard in Resources */ = {isa = PBXBuildFile; fileRef = 9FDBD07423107643008D44C8 /* Teams.storyboard */; };
		9FDBD07723107681008D44C8 /* LaunchScreen.storyboard in Resources */ = {isa = PBXBuildFile; fileRef = 9FDBD07623107681008D44C8 /* LaunchScreen.storyboard */; };
		9FDBD079231076A5008D44C8 /* Assets.xcassets in Resources */ = {isa = PBXBuildFile; fileRef = 9FDBD078231076A4008D44C8 /* Assets.xcassets */; };
		9FDBD07B231076C5008D44C8 /* AppDelegate.swift in Sources */ = {isa = PBXBuildFile; fileRef = 9FDBD07A231076C5008D44C8 /* AppDelegate.swift */; };
		9FDBD082231087CA008D44C8 /* Player.swift in Sources */ = {isa = PBXBuildFile; fileRef = 9FDBD080231087C9008D44C8 /* Player.swift */; };
		9FDBD083231087CA008D44C8 /* Team.swift in Sources */ = {isa = PBXBuildFile; fileRef = 9FDBD081231087C9008D44C8 /* Team.swift */; };
		9FE300972310710C004BDFB9 /* PlayersTableViewController.swift in Sources */ = {isa = PBXBuildFile; fileRef = 9FE300962310710C004BDFB9 /* PlayersTableViewController.swift */; };
		9FE3009923107127004BDFB9 /* PlayerCell.swift in Sources */ = {isa = PBXBuildFile; fileRef = 9FE3009823107127004BDFB9 /* PlayerCell.swift */; };
		F1DFF3D1CBDDD04AE20F05CC /* Pods_KHLTeams.framework in Frameworks */ = {isa = PBXBuildFile; fileRef = 8D1C98A04563928478C7B636 /* Pods_KHLTeams.framework */; };
/* End PBXBuildFile section */

/* Begin PBXFileReference section */
		8D1C98A04563928478C7B636 /* Pods_KHLTeams.framework */ = {isa = PBXFileReference; explicitFileType = wrapper.framework; includeInIndex = 0; path = Pods_KHLTeams.framework; sourceTree = BUILT_PRODUCTS_DIR; };
		8FBCFE768E0710E5B2AEE593 /* Pods-KHLTeams.release.xcconfig */ = {isa = PBXFileReference; includeInIndex = 1; lastKnownFileType = text.xcconfig; name = "Pods-KHLTeams.release.xcconfig"; path = "Target Support Files/Pods-KHLTeams/Pods-KHLTeams.release.xcconfig"; sourceTree = "<group>"; };
		9F6087EA230ED25B000268C2 /* KHLTeams.app */ = {isa = PBXFileReference; explicitFileType = wrapper.application; includeInIndex = 0; path = KHLTeams.app; sourceTree = BUILT_PRODUCTS_DIR; };
		9F6087F9230ED260000268C2 /* Info.plist */ = {isa = PBXFileReference; lastKnownFileType = text.plist.xml; path = Info.plist; sourceTree = "<group>"; };
		9F608801230ED3D4000268C2 /* TeamsTableViewController.swift */ = {isa = PBXFileReference; lastKnownFileType = sourcecode.swift; path = TeamsTableViewController.swift; sourceTree = "<group>"; };
		9F608803230EDEA8000268C2 /* TeamCell.swift */ = {isa = PBXFileReference; lastKnownFileType = sourcecode.swift; path = TeamCell.swift; sourceTree = "<group>"; };
		9FDBD07423107643008D44C8 /* Teams.storyboard */ = {isa = PBXFileReference; lastKnownFileType = file.storyboard; path = Teams.storyboard; sourceTree = "<group>"; };
		9FDBD07623107681008D44C8 /* LaunchScreen.storyboard */ = {isa = PBXFileReference; lastKnownFileType = file.storyboard; path = LaunchScreen.storyboard; sourceTree = "<group>"; };
		9FDBD078231076A4008D44C8 /* Assets.xcassets */ = {isa = PBXFileReference; lastKnownFileType = folder.assetcatalog; path = Assets.xcassets; sourceTree = "<group>"; };
		9FDBD07A231076C5008D44C8 /* AppDelegate.swift */ = {isa = PBXFileReference; lastKnownFileType = sourcecode.swift; path = AppDelegate.swift; sourceTree = "<group>"; };
		9FDBD080231087C9008D44C8 /* Player.swift */ = {isa = PBXFileReference; lastKnownFileType = sourcecode.swift; path = Player.swift; sourceTree = "<group>"; };
		9FDBD081231087C9008D44C8 /* Team.swift */ = {isa = PBXFileReference; lastKnownFileType = sourcecode.swift; path = Team.swift; sourceTree = "<group>"; };
		9FE300962310710C004BDFB9 /* PlayersTableViewController.swift */ = {isa = PBXFileReference; lastKnownFileType = sourcecode.swift; path = PlayersTableViewController.swift; sourceTree = "<group>"; };
		9FE3009823107127004BDFB9 /* PlayerCell.swift */ = {isa = PBXFileReference; lastKnownFileType = sourcecode.swift; path = PlayerCell.swift; sourceTree = "<group>"; };
		C36BA0A0B0D4B8D913AA41A3 /* Pods-KHLTeams.debug.xcconfig */ = {isa = PBXFileReference; includeInIndex = 1; lastKnownFileType = text.xcconfig; name = "Pods-KHLTeams.debug.xcconfig"; path = "Target Support Files/Pods-KHLTeams/Pods-KHLTeams.debug.xcconfig"; sourceTree = "<group>"; };
/* End PBXFileReference section */

/* Begin PBXFrameworksBuildPhase section */
		9F6087E7230ED25B000268C2 /* Frameworks */ = {
			isa = PBXFrameworksBuildPhase;
			buildActionMask = 2147483647;
			files = (
				F1DFF3D1CBDDD04AE20F05CC /* Pods_KHLTeams.framework in Frameworks */,
			);
			runOnlyForDeploymentPostprocessing = 0;
		};
/* End PBXFrameworksBuildPhase section */

/* Begin PBXGroup section */
		1C19783CCEAC6BBB823FA71C /* Pods */ = {
			isa = PBXGroup;
			children = (
				C36BA0A0B0D4B8D913AA41A3 /* Pods-KHLTeams.debug.xcconfig */,
				8FBCFE768E0710E5B2AEE593 /* Pods-KHLTeams.release.xcconfig */,
			);
			name = Pods;
			path = Pods;
			sourceTree = "<group>";
		};
		9F6087E1230ED25B000268C2 = {
			isa = PBXGroup;
			children = (
				9F6087EC230ED25B000268C2 /* KHLTeams */,
				9F6087EB230ED25B000268C2 /* Products */,
				1C19783CCEAC6BBB823FA71C /* Pods */,
				B280FC94110ACD8B10621B19 /* Frameworks */,
			);
			sourceTree = "<group>";
		};
		9F6087EB230ED25B000268C2 /* Products */ = {
			isa = PBXGroup;
			children = (
				9F6087EA230ED25B000268C2 /* KHLTeams.app */,
			);
			name = Products;
			sourceTree = "<group>";
		};
		9F6087EC230ED25B000268C2 /* KHLTeams */ = {
			isa = PBXGroup;
			children = (
				9FE3009423107077004BDFB9 /* Model */,
				9FE3009523107088004BDFB9 /* View */,
				9FE3009F231072D2004BDFB9 /* Controller */,
				9FE3009C2310718B004BDFB9 /* Storyboard */,
				9FE3009D23107197004BDFB9 /* Supporting File */,
				9FE3009E2310719B004BDFB9 /* Resources */,
			);
			path = KHLTeams;
			sourceTree = "<group>";
		};
		9FE3009423107077004BDFB9 /* Model */ = {
			isa = PBXGroup;
			children = (
				9FDBD080231087C9008D44C8 /* Player.swift */,
				9FDBD081231087C9008D44C8 /* Team.swift */,
			);
			path = Model;
			sourceTree = "<group>";
		};
		9FE3009523107088004BDFB9 /* View */ = {
			isa = PBXGroup;
			children = (
				9F608801230ED3D4000268C2 /* TeamsTableViewController.swift */,
				9FE300962310710C004BDFB9 /* PlayersTableViewController.swift */,
			);
			path = View;
			sourceTree = "<group>";
		};
		9FE3009C2310718B004BDFB9 /* Storyboard */ = {
			isa = PBXGroup;
			children = (
				9FDBD07423107643008D44C8 /* Teams.storyboard */,
				9FDBD07623107681008D44C8 /* LaunchScreen.storyboard */,
			);
			path = Storyboard;
			sourceTree = "<group>";
		};
		9FE3009D23107197004BDFB9 /* Supporting File */ = {
			isa = PBXGroup;
			children = (
				9FDBD07A231076C5008D44C8 /* AppDelegate.swift */,
				9F6087F9230ED260000268C2 /* Info.plist */,
			);
			path = "Supporting File";
			sourceTree = "<group>";
		};
		9FE3009E2310719B004BDFB9 /* Resources */ = {
			isa = PBXGroup;
			children = (
				9FDBD078231076A4008D44C8 /* Assets.xcassets */,
			);
			path = Resources;
			sourceTree = "<group>";
		};
		9FE3009F231072D2004BDFB9 /* Controller */ = {
			isa = PBXGroup;
			children = (
				9F608803230EDEA8000268C2 /* TeamCell.swift */,
				9FE3009823107127004BDFB9 /* PlayerCell.swift */,
			);
			path = Controller;
			sourceTree = "<group>";
		};
		B280FC94110ACD8B10621B19 /* Frameworks */ = {
			isa = PBXGroup;
			children = (
				8D1C98A04563928478C7B636 /* Pods_KHLTeams.framework */,
			);
			name = Frameworks;
			sourceTree = "<group>";
		};
/* End PBXGroup section */

/* Begin PBXNativeTarget section */
		9F6087E9230ED25B000268C2 /* KHLTeams */ = {
			isa = PBXNativeTarget;
			buildConfigurationList = 9F6087FC230ED260000268C2 /* Build configuration list for PBXNativeTarget "KHLTeams" */;
			buildPhases = (
				CEE679B15B89B97A8D967326 /* [CP] Check Pods Manifest.lock */,
				9F6087E6230ED25B000268C2 /* Sources */,
				9F6087E7230ED25B000268C2 /* Frameworks */,
				9F6087E8230ED25B000268C2 /* Resources */,
				A139BF847C03324F87D312CB /* [CP] Embed Pods Frameworks */,
			);
			buildRules = (
			);
			dependencies = (
			);
			name = KHLTeams;
			productName = KHLTeams;
			productReference = 9F6087EA230ED25B000268C2 /* KHLTeams.app */;
			productType = "com.apple.product-type.application";
		};
/* End PBXNativeTarget section */

/* Begin PBXProject section */
		9F6087E2230ED25B000268C2 /* Project object */ = {
			isa = PBXProject;
			attributes = {
				LastSwiftUpdateCheck = 1030;
				LastUpgradeCheck = 1030;
				ORGANIZATIONNAME = "Bogdan Baskakov";
				TargetAttributes = {
					9F6087E9230ED25B000268C2 = {
						CreatedOnToolsVersion = 10.3;
					};
				};
			};
			buildConfigurationList = 9F6087E5230ED25B000268C2 /* Build configuration list for PBXProject "KHLTeams" */;
			compatibilityVersion = "Xcode 9.3";
			developmentRegion = en;
			hasScannedForEncodings = 0;
			knownRegions = (
				en,
				Base,
			);
			mainGroup = 9F6087E1230ED25B000268C2;
			productRefGroup = 9F6087EB230ED25B000268C2 /* Products */;
			projectDirPath = "";
			projectRoot = "";
			targets = (
				9F6087E9230ED25B000268C2 /* KHLTeams */,
			);
		};
/* End PBXProject section */

/* Begin PBXResourcesBuildPhase section */
		9F6087E8230ED25B000268C2 /* Resources */ = {
			isa = PBXResourcesBuildPhase;
			buildActionMask = 2147483647;
			files = (
				9FDBD079231076A5008D44C8 /* Assets.xcassets in Resources */,
				9FDBD07723107681008D44C8 /* LaunchScreen.storyboard in Resources */,
				9FDBD07523107644008D44C8 /* Teams.storyboard in Resources */,
			);
			runOnlyForDeploymentPostprocessing = 0;
		};
/* End PBXResourcesBuildPhase section */

/* Begin PBXShellScriptBuildPhase section */
		A139BF847C03324F87D312CB /* [CP] Embed Pods Frameworks */ = {
			isa = PBXShellScriptBuildPhase;
			buildActionMask = 2147483647;
			files = (
			);
			inputFileListPaths = (
				"${PODS_ROOT}/Target Support Files/Pods-KHLTeams/Pods-KHLTeams-frameworks-${CONFIGURATION}-input-files.xcfilelist",
			);
			name = "[CP] Embed Pods Frameworks";
			outputFileListPaths = (
				"${PODS_ROOT}/Target Support Files/Pods-KHLTeams/Pods-KHLTeams-frameworks-${CONFIGURATION}-output-files.xcfilelist",
			);
			runOnlyForDeploymentPostprocessing = 0;
			shellPath = /bin/sh;
			shellScript = "\"${PODS_ROOT}/Target Support Files/Pods-KHLTeams/Pods-KHLTeams-frameworks.sh\"\n";
			showEnvVarsInLog = 0;
		};
		CEE679B15B89B97A8D967326 /* [CP] Check Pods Manifest.lock */ = {
			isa = PBXShellScriptBuildPhase;
			buildActionMask = 2147483647;
			files = (
			);
			inputFileListPaths = (
			);
			inputPaths = (
				"${PODS_PODFILE_DIR_PATH}/Podfile.lock",
				"${PODS_ROOT}/Manifest.lock",
			);
			name = "[CP] Check Pods Manifest.lock";
			outputFileListPaths = (
			);
			outputPaths = (
				"$(DERIVED_FILE_DIR)/Pods-KHLTeams-checkManifestLockResult.txt",
			);
			runOnlyForDeploymentPostprocessing = 0;
			shellPath = /bin/sh;
			shellScript = "diff \"${PODS_PODFILE_DIR_PATH}/Podfile.lock\" \"${PODS_ROOT}/Manifest.lock\" > /dev/null\nif [ $? != 0 ] ; then\n    # print error to STDERR\n    echo \"error: The sandbox is not in sync with the Podfile.lock. Run 'pod install' or update your CocoaPods installation.\" >&2\n    exit 1\nfi\n# This output is used by Xcode 'outputs' to avoid re-running this script phase.\necho \"SUCCESS\" > \"${SCRIPT_OUTPUT_FILE_0}\"\n";
			showEnvVarsInLog = 0;
		};
/* End PBXShellScriptBuildPhase section */

/* Begin PBXSourcesBuildPhase section */
		9F6087E6230ED25B000268C2 /* Sources */ = {
			isa = PBXSourcesBuildPhase;
			buildActionMask = 2147483647;
			files = (
				9FDBD082231087CA008D44C8 /* Player.swift in Sources */,
				9FDBD083231087CA008D44C8 /* Team.swift in Sources */,
				9FDBD07B231076C5008D44C8 /* AppDelegate.swift in Sources */,
				9FE3009923107127004BDFB9 /* PlayerCell.swift in Sources */,
				9F608802230ED3D4000268C2 /* TeamsTableViewController.swift in Sources */,
				9FE300972310710C004BDFB9 /* PlayersTableViewController.swift in Sources */,
				9F608804230EDEA8000268C2 /* TeamCell.swift in Sources */,
			);
			runOnlyForDeploymentPostprocessing = 0;
		};
/* End PBXSourcesBuildPhase section */

/* Begin XCBuildConfiguration section */
		9F6087FA230ED260000268C2 /* Debug */ = {
			isa = XCBuildConfiguration;
			buildSettings = {
				ALWAYS_SEARCH_USER_PATHS = NO;
				CLANG_ANALYZER_NONNULL = YES;
				CLANG_ANALYZER_NUMBER_OBJECT_CONVERSION = YES_AGGRESSIVE;
				CLANG_CXX_LANGUAGE_STANDARD = "gnu++14";
				CLANG_CXX_LIBRARY = "libc++";
				CLANG_ENABLE_MODULES = YES;
				CLANG_ENABLE_OBJC_ARC = YES;
				CLANG_ENABLE_OBJC_WEAK = YES;
				CLANG_WARN_BLOCK_CAPTURE_AUTORELEASING = YES;
				CLANG_WARN_BOOL_CONVERSION = YES;
				CLANG_WARN_COMMA = YES;
				CLANG_WARN_CONSTANT_CONVERSION = YES;
				CLANG_WARN_DEPRECATED_OBJC_IMPLEMENTATIONS = YES;
				CLANG_WARN_DIRECT_OBJC_ISA_USAGE = YES_ERROR;
				CLANG_WARN_DOCUMENTATION_COMMENTS = YES;
				CLANG_WARN_EMPTY_BODY = YES;
				CLANG_WARN_ENUM_CONVERSION = YES;
				CLANG_WARN_INFINITE_RECURSION = YES;
				CLANG_WARN_INT_CONVERSION = YES;
				CLANG_WARN_NON_LITERAL_NULL_CONVERSION = YES;
				CLANG_WARN_OBJC_IMPLICIT_RETAIN_SELF = YES;
				CLANG_WARN_OBJC_LITERAL_CONVERSION = YES;
				CLANG_WARN_OBJC_ROOT_CLASS = YES_ERROR;
				CLANG_WARN_RANGE_LOOP_ANALYSIS = YES;
				CLANG_WARN_STRICT_PROTOTYPES = YES;
				CLANG_WARN_SUSPICIOUS_MOVE = YES;
				CLANG_WARN_UNGUARDED_AVAILABILITY = YES_AGGRESSIVE;
				CLANG_WARN_UNREACHABLE_CODE = YES;
				CLANG_WARN__DUPLICATE_METHOD_MATCH = YES;
				CODE_SIGN_IDENTITY = "iPhone Developer";
				COPY_PHASE_STRIP = NO;
				DEBUG_INFORMATION_FORMAT = dwarf;
				ENABLE_STRICT_OBJC_MSGSEND = YES;
				ENABLE_TESTABILITY = YES;
				GCC_C_LANGUAGE_STANDARD = gnu11;
				GCC_DYNAMIC_NO_PIC = NO;
				GCC_NO_COMMON_BLOCKS = YES;
				GCC_OPTIMIZATION_LEVEL = 0;
				GCC_PREPROCESSOR_DEFINITIONS = (
					"DEBUG=1",
					"$(inherited)",
				);
				GCC_WARN_64_TO_32_BIT_CONVERSION = YES;
				GCC_WARN_ABOUT_RETURN_TYPE = YES_ERROR;
				GCC_WARN_UNDECLARED_SELECTOR = YES;
				GCC_WARN_UNINITIALIZED_AUTOS = YES_AGGRESSIVE;
				GCC_WARN_UNUSED_FUNCTION = YES;
				GCC_WARN_UNUSED_VARIABLE = YES;
				IPHONEOS_DEPLOYMENT_TARGET = 12.4;
				MTL_ENABLE_DEBUG_INFO = INCLUDE_SOURCE;
				MTL_FAST_MATH = YES;
				ONLY_ACTIVE_ARCH = YES;
				SDKROOT = iphoneos;
				SWIFT_ACTIVE_COMPILATION_CONDITIONS = DEBUG;
				SWIFT_OPTIMIZATION_LEVEL = "-Onone";
			};
			name = Debug;
		};
		9F6087FB230ED260000268C2 /* Release */ = {
			isa = XCBuildConfiguration;
			buildSettings = {
				ALWAYS_SEARCH_USER_PATHS = NO;
				CLANG_ANALYZER_NONNULL = YES;
				CLANG_ANALYZER_NUMBER_OBJECT_CONVERSION = YES_AGGRESSIVE;
				CLANG_CXX_LANGUAGE_STANDARD = "gnu++14";
				CLANG_CXX_LIBRARY = "libc++";
				CLANG_ENABLE_MODULES = YES;
				CLANG_ENABLE_OBJC_ARC = YES;
				CLANG_ENABLE_OBJC_WEAK = YES;
				CLANG_WARN_BLOCK_CAPTURE_AUTORELEASING = YES;
				CLANG_WARN_BOOL_CONVERSION = YES;
				CLANG_WARN_COMMA = YES;
				CLANG_WARN_CONSTANT_CONVERSION = YES;
				CLANG_WARN_DEPRECATED_OBJC_IMPLEMENTATIONS = YES;
				CLANG_WARN_DIRECT_OBJC_ISA_USAGE = YES_ERROR;
				CLANG_WARN_DOCUMENTATION_COMMENTS = YES;
				CLANG_WARN_EMPTY_BODY = YES;
				CLANG_WARN_ENUM_CONVERSION = YES;
				CLANG_WARN_INFINITE_RECURSION = YES;
				CLANG_WARN_INT_CONVERSION = YES;
				CLANG_WARN_NON_LITERAL_NULL_CONVERSION = YES;
				CLANG_WARN_OBJC_IMPLICIT_RETAIN_SELF = YES;
				CLANG_WARN_OBJC_LITERAL_CONVERSION = YES;
				CLANG_WARN_OBJC_ROOT_CLASS = YES_ERROR;
				CLANG_WARN_RANGE_LOOP_ANALYSIS = YES;
				CLANG_WARN_STRICT_PROTOTYPES = YES;
				CLANG_WARN_SUSPICIOUS_MOVE = YES;
				CLANG_WARN_UNGUARDED_AVAILABILITY = YES_AGGRESSIVE;
				CLANG_WARN_UNREACHABLE_CODE = YES;
				CLANG_WARN__DUPLICATE_METHOD_MATCH = YES;
				CODE_SIGN_IDENTITY = "iPhone Developer";
				COPY_PHASE_STRIP = NO;
				DEBUG_INFORMATION_FORMAT = "dwarf-with-dsym";
				ENABLE_NS_ASSERTIONS = NO;
				ENABLE_STRICT_OBJC_MSGSEND = YES;
				GCC_C_LANGUAGE_STANDARD = gnu11;
				GCC_NO_COMMON_BLOCKS = YES;
				GCC_WARN_64_TO_32_BIT_CONVERSION = YES;
				GCC_WARN_ABOUT_RETURN_TYPE = YES_ERROR;
				GCC_WARN_UNDECLARED_SELECTOR = YES;
				GCC_WARN_UNINITIALIZED_AUTOS = YES_AGGRESSIVE;
				GCC_WARN_UNUSED_FUNCTION = YES;
				GCC_WARN_UNUSED_VARIABLE = YES;
				IPHONEOS_DEPLOYMENT_TARGET = 12.4;
				MTL_ENABLE_DEBUG_INFO = NO;
				MTL_FAST_MATH = YES;
				SDKROOT = iphoneos;
				SWIFT_COMPILATION_MODE = wholemodule;
				SWIFT_OPTIMIZATION_LEVEL = "-O";
				VALIDATE_PRODUCT = YES;
			};
			name = Release;
		};
		9F6087FD230ED260000268C2 /* Debug */ = {
			isa = XCBuildConfiguration;
			baseConfigurationReference = C36BA0A0B0D4B8D913AA41A3 /* Pods-KHLTeams.debug.xcconfig */;
			buildSettings = {
				ASSETCATALOG_COMPILER_APPICON_NAME = AppIcon;
				CODE_SIGN_STYLE = Automatic;
				DEVELOPMENT_TEAM = UPE3S28QP6;
				INFOPLIST_FILE = "$(SRCROOT)/KHLTeams/Supporting File/Info.plist";
				LD_RUNPATH_SEARCH_PATHS = (
					"$(inherited)",
					"@executable_path/Frameworks",
				);
				PRODUCT_BUNDLE_IDENTIFIER = baskakov.bogdan.KHLTeams;
				PRODUCT_NAME = "$(TARGET_NAME)";
				SWIFT_VERSION = 5.0;
				TARGETED_DEVICE_FAMILY = "1,2";
			};
			name = Debug;
		};
		9F6087FE230ED260000268C2 /* Release */ = {
			isa = XCBuildConfiguration;
			baseConfigurationReference = 8FBCFE768E0710E5B2AEE593 /* Pods-KHLTeams.release.xcconfig */;
			buildSettings = {
				ASSETCATALOG_COMPILER_APPICON_NAME = AppIcon;
				CODE_SIGN_STYLE = Automatic;
				DEVELOPMENT_TEAM = UPE3S28QP6;
				INFOPLIST_FILE = "$(SRCROOT)/KHLTeams/Supporting File/Info.plist";
				LD_RUNPATH_SEARCH_PATHS = (
					"$(inherited)",
					"@executable_path/Frameworks",
				);
				PRODUCT_BUNDLE_IDENTIFIER = baskakov.bogdan.KHLTeams;
				PRODUCT_NAME = "$(TARGET_NAME)";
				SWIFT_VERSION = 5.0;
				TARGETED_DEVICE_FAMILY = "1,2";
			};
			name = Release;
		};
/* End XCBuildConfiguration section */

/* Begin XCConfigurationList section */
		9F6087E5230ED25B000268C2 /* Build configuration list for PBXProject "KHLTeams" */ = {
			isa = XCConfigurationList;
			buildConfigurations = (
				9F6087FA230ED260000268C2 /* Debug */,
				9F6087FB230ED260000268C2 /* Release */,
			);
			defaultConfigurationIsVisible = 0;
			defaultConfigurationName = Release;
		};
		9F6087FC230ED260000268C2 /* Build configuration list for PBXNativeTarget "KHLTeams" */ = {
			isa = XCConfigurationList;
			buildConfigurations = (
				9F6087FD230ED260000268C2 /* Debug */,
				9F6087FE230ED260000268C2 /* Release */,
			);
			defaultConfigurationIsVisible = 0;
			defaultConfigurationName = Release;
		};
/* End XCConfigurationList section */
	};
	rootObject = 9F6087E2230ED25B000268C2 /* Project object */;
}
